
Microsoft Visual Studio Solution File, Format Version 12.00
# Visual Studio Version 16
VisualStudioVersion = 16.0.29728.190
MinimumVisualStudioVersion = 10.0.40219.1
Project("{2150E333-8FDC-42A3-9474-1A3956D46DE8}") = "src", "src", "{65777C81-2314-460B-8FE4-1C1A92C029BB}"
EndProject
Project("{2150E333-8FDC-42A3-9474-1A3956D46DE8}") = "test", "test", "{6984334E-E7D0-433E-A460-822B8F6B50A8}"
EndProject
Project("{9A19103F-16F7-4668-BE54-9A1E7A4F7556}") = "MyTrout.Pipelines.Steps.Cryptography", "src\MyTrout.Pipelines.Steps.Cryptography.csproj", "{CD152F5F-C02A-4B18-92E8-94DA77375999}"
EndProject
Project("{2150E333-8FDC-42A3-9474-1A3956D46DE8}") = "Solution Items", "Solution Items", "{67F02512-AF55-41A7-B5D7-4F0C6872C8A5}"
	ProjectSection(SolutionItems) = preProject
		changelog.md = changelog.md
		License.md = License.md
		README.md = README.md
		stylecop.json = stylecop.json
	EndProjectSection
EndProject
Project("{9A19103F-16F7-4668-BE54-9A1E7A4F7556}") = "MyTrout.Pipelines.Steps.Cryptography.Tests", "test\MyTrout.Pipelines.Steps.Cryptography.Tests.csproj", "{E14F85F5-445D-423C-96B4-5DCB3537432E}"
EndProject
Project("{2150E333-8FDC-42A3-9474-1A3956D46DE8}") = ".github", ".github", "{51EC1BD3-1F72-4773-A7BA-6CC52C7B9EA9}"
EndProject
Project("{2150E333-8FDC-42A3-9474-1A3956D46DE8}") = "workflows", "workflows", "{EB1ACB18-ADCC-4613-9649-E44966FDCF54}"
	ProjectSection(SolutionItems) = preProject
		..\..\.github\workflows\build-pipelines-steps-cryptography.yaml = ..\..\.github\workflows\build-pipelines-steps-cryptography.yaml
	EndProjectSection
EndProject
Global
	GlobalSection(SolutionConfigurationPlatforms) = preSolution
		Debug|Any CPU = Debug|Any CPU
		Release|Any CPU = Release|Any CPU
	EndGlobalSection
	GlobalSection(ProjectConfigurationPlatforms) = postSolution
		{CD152F5F-C02A-4B18-92E8-94DA77375999}.Debug|Any CPU.ActiveCfg = Debug|Any CPU
		{CD152F5F-C02A-4B18-92E8-94DA77375999}.Debug|Any CPU.Build.0 = Debug|Any CPU
		{CD152F5F-C02A-4B18-92E8-94DA77375999}.Release|Any CPU.ActiveCfg = Release|Any CPU
		{CD152F5F-C02A-4B18-92E8-94DA77375999}.Release|Any CPU.Build.0 = Release|Any CPU
		{E14F85F5-445D-423C-96B4-5DCB3537432E}.Debug|Any CPU.ActiveCfg = Debug|Any CPU
		{E14F85F5-445D-423C-96B4-5DCB3537432E}.Debug|Any CPU.Build.0 = Debug|Any CPU
		{E14F85F5-445D-423C-96B4-5DCB3537432E}.Release|Any CPU.ActiveCfg = Release|Any CPU
		{E14F85F5-445D-423C-96B4-5DCB3537432E}.Release|Any CPU.Build.0 = Release|Any CPU
	EndGlobalSection
	GlobalSection(SolutionProperties) = preSolution
		HideSolutionNode = FALSE
	EndGlobalSection
	GlobalSection(NestedProjects) = preSolution
		{CD152F5F-C02A-4B18-92E8-94DA77375999} = {65777C81-2314-460B-8FE4-1C1A92C029BB}
		{E14F85F5-445D-423C-96B4-5DCB3537432E} = {6984334E-E7D0-433E-A460-822B8F6B50A8}
		{EB1ACB18-ADCC-4613-9649-E44966FDCF54} = {51EC1BD3-1F72-4773-A7BA-6CC52C7B9EA9}
	EndGlobalSection
	GlobalSection(ExtensibilityGlobals) = postSolution
		SolutionGuid = {F7985F33-E25E-4EB4-90B8-6CED3013024B}
	EndGlobalSection
EndGlobal
