
Microsoft Visual Studio Solution File, Format Version 12.00
# Visual Studio Version 16
VisualStudioVersion = 16.0.30717.126
MinimumVisualStudioVersion = 10.0.40219.1
Project("{2150E333-8FDC-42A3-9474-1A3956D46DE8}") = "Solution Items", "Solution Items", "{C7DEC9FD-68A0-457C-8CD3-9837D279FFAA}"
	ProjectSection(SolutionItems) = preProject
		changelog.md = changelog.md
		License.md = License.md
		README.md = README.md
		stylecop.json = stylecop.json
	EndProjectSection
EndProject
Project("{2150E333-8FDC-42A3-9474-1A3956D46DE8}") = "src", "src", "{328DDECD-F9B1-49B8-9741-C4B3E7779125}"
EndProject
Project("{2150E333-8FDC-42A3-9474-1A3956D46DE8}") = "test", "test", "{9A1FD352-7C46-4BFF-9EE2-8D6D9BC21FE1}"
EndProject
Project("{9A19103F-16F7-4668-BE54-9A1E7A4F7556}") = "MyTrout.Pipelines.Steps.IO.Command", "src\MyTrout.Pipelines.Steps.IO.Command.csproj", "{345F9A47-4F61-4319-B7CA-27A4E88E2A0A}"
EndProject
Project("{9A19103F-16F7-4668-BE54-9A1E7A4F7556}") = "MyTrout.Pipelines.Steps.IO.Command.Tests", "test\MyTrout.Pipelines.Steps.IO.Command.Tests\MyTrout.Pipelines.Steps.IO.Command.Tests.csproj", "{2B7D4378-A6FD-4629-A268-859F0CC304BF}"
EndProject
Project("{9A19103F-16F7-4668-BE54-9A1E7A4F7556}") = "ExceptionConsole", "test\ExceptionConsole\ExceptionConsole.csproj", "{E6878E52-08A6-4A32-865B-B7127C7D2D47}"
EndProject
Project("{2150E333-8FDC-42A3-9474-1A3956D46DE8}") = ".github", ".github", "{18F19712-F9B4-4CAA-89AA-B92A67AF0BF0}"
EndProject
Project("{2150E333-8FDC-42A3-9474-1A3956D46DE8}") = "workflows", "workflows", "{853879CB-4F3D-49C5-BF9B-1ED6E5E51F2F}"
	ProjectSection(SolutionItems) = preProject
		..\..\..\.github\workflows\build-pipelines-steps-io-command.yaml = ..\..\..\.github\workflows\build-pipelines-steps-io-command.yaml
	EndProjectSection
EndProject
Global
	GlobalSection(SolutionConfigurationPlatforms) = preSolution
		Debug|Any CPU = Debug|Any CPU
		Release|Any CPU = Release|Any CPU
	EndGlobalSection
	GlobalSection(ProjectConfigurationPlatforms) = postSolution
		{345F9A47-4F61-4319-B7CA-27A4E88E2A0A}.Debug|Any CPU.ActiveCfg = Debug|Any CPU
		{345F9A47-4F61-4319-B7CA-27A4E88E2A0A}.Debug|Any CPU.Build.0 = Debug|Any CPU
		{345F9A47-4F61-4319-B7CA-27A4E88E2A0A}.Release|Any CPU.ActiveCfg = Release|Any CPU
		{345F9A47-4F61-4319-B7CA-27A4E88E2A0A}.Release|Any CPU.Build.0 = Release|Any CPU
		{2B7D4378-A6FD-4629-A268-859F0CC304BF}.Debug|Any CPU.ActiveCfg = Debug|Any CPU
		{2B7D4378-A6FD-4629-A268-859F0CC304BF}.Debug|Any CPU.Build.0 = Debug|Any CPU
		{2B7D4378-A6FD-4629-A268-859F0CC304BF}.Release|Any CPU.ActiveCfg = Release|Any CPU
		{2B7D4378-A6FD-4629-A268-859F0CC304BF}.Release|Any CPU.Build.0 = Release|Any CPU
		{E6878E52-08A6-4A32-865B-B7127C7D2D47}.Debug|Any CPU.ActiveCfg = Debug|Any CPU
		{E6878E52-08A6-4A32-865B-B7127C7D2D47}.Debug|Any CPU.Build.0 = Debug|Any CPU
		{E6878E52-08A6-4A32-865B-B7127C7D2D47}.Release|Any CPU.ActiveCfg = Release|Any CPU
		{E6878E52-08A6-4A32-865B-B7127C7D2D47}.Release|Any CPU.Build.0 = Release|Any CPU
	EndGlobalSection
	GlobalSection(SolutionProperties) = preSolution
		HideSolutionNode = FALSE
	EndGlobalSection
	GlobalSection(NestedProjects) = preSolution
		{345F9A47-4F61-4319-B7CA-27A4E88E2A0A} = {328DDECD-F9B1-49B8-9741-C4B3E7779125}
		{2B7D4378-A6FD-4629-A268-859F0CC304BF} = {9A1FD352-7C46-4BFF-9EE2-8D6D9BC21FE1}
		{E6878E52-08A6-4A32-865B-B7127C7D2D47} = {9A1FD352-7C46-4BFF-9EE2-8D6D9BC21FE1}
		{853879CB-4F3D-49C5-BF9B-1ED6E5E51F2F} = {18F19712-F9B4-4CAA-89AA-B92A67AF0BF0}
	EndGlobalSection
	GlobalSection(ExtensibilityGlobals) = postSolution
		SolutionGuid = {72B0EDFD-3CC1-450A-8900-DAE257E18C19}
	EndGlobalSection
EndGlobal
