
Microsoft Visual Studio Solution File, Format Version 12.00
# Visual Studio Version 16
VisualStudioVersion = 16.0.29324.140
MinimumVisualStudioVersion = 10.0.40219.1
Project("{2150E333-8FDC-42A3-9474-1A3956D46DE8}") = "Solution Items", "Solution Items", "{7C30B959-8AB9-4868-8A71-6BD4C026A38F}"
	ProjectSection(SolutionItems) = preProject
		changelog.md = changelog.md
		License.md = License.md
		README.md = README.md
		stylecop.json = stylecop.json
	EndProjectSection
EndProject
Project("{2150E333-8FDC-42A3-9474-1A3956D46DE8}") = "src", "src", "{B190B2FE-FEE5-48EC-BF0B-077F985CC05D}"
EndProject
Project("{2150E333-8FDC-42A3-9474-1A3956D46DE8}") = "test", "test", "{0CF6BAA0-5A4C-4E0E-AE0F-048C3883E604}"
EndProject
Project("{9A19103F-16F7-4668-BE54-9A1E7A4F7556}") = "MyTrout.Pipelines", "src\MyTrout.Pipelines.csproj", "{127EF1C1-6976-4E53-8397-CF1A4A7EF51C}"
EndProject
Project("{9A19103F-16F7-4668-BE54-9A1E7A4F7556}") = "MyTrout.Pipelines.Tests", "test\MyTrout.Pipelines.Tests.csproj", "{C24B89B2-8563-48E8-8563-AA4878A4A7FA}"
EndProject
Project("{2150E333-8FDC-42A3-9474-1A3956D46DE8}") = ".github", ".github", "{4C9998C0-BD7D-4C02-BC53-5CC4FC8293F2}"
EndProject
Project("{2150E333-8FDC-42A3-9474-1A3956D46DE8}") = "workflows", "workflows", "{16AD139A-F8C2-4682-BA64-59D9971579C0}"
	ProjectSection(SolutionItems) = preProject
		.github\workflows\build.yaml = .github\workflows\build.yaml
	EndProjectSection
EndProject
Global
	GlobalSection(SolutionConfigurationPlatforms) = preSolution
		Debug|Any CPU = Debug|Any CPU
		Release|Any CPU = Release|Any CPU
	EndGlobalSection
	GlobalSection(ProjectConfigurationPlatforms) = postSolution
		{127EF1C1-6976-4E53-8397-CF1A4A7EF51C}.Debug|Any CPU.ActiveCfg = Debug|Any CPU
		{127EF1C1-6976-4E53-8397-CF1A4A7EF51C}.Debug|Any CPU.Build.0 = Debug|Any CPU
		{127EF1C1-6976-4E53-8397-CF1A4A7EF51C}.Release|Any CPU.ActiveCfg = Release|Any CPU
		{127EF1C1-6976-4E53-8397-CF1A4A7EF51C}.Release|Any CPU.Build.0 = Release|Any CPU
		{C24B89B2-8563-48E8-8563-AA4878A4A7FA}.Debug|Any CPU.ActiveCfg = Debug|Any CPU
		{C24B89B2-8563-48E8-8563-AA4878A4A7FA}.Debug|Any CPU.Build.0 = Debug|Any CPU
		{C24B89B2-8563-48E8-8563-AA4878A4A7FA}.Release|Any CPU.ActiveCfg = Release|Any CPU
		{C24B89B2-8563-48E8-8563-AA4878A4A7FA}.Release|Any CPU.Build.0 = Release|Any CPU
	EndGlobalSection
	GlobalSection(SolutionProperties) = preSolution
		HideSolutionNode = FALSE
	EndGlobalSection
	GlobalSection(NestedProjects) = preSolution
		{127EF1C1-6976-4E53-8397-CF1A4A7EF51C} = {B190B2FE-FEE5-48EC-BF0B-077F985CC05D}
		{C24B89B2-8563-48E8-8563-AA4878A4A7FA} = {0CF6BAA0-5A4C-4E0E-AE0F-048C3883E604}
		{16AD139A-F8C2-4682-BA64-59D9971579C0} = {4C9998C0-BD7D-4C02-BC53-5CC4FC8293F2}
	EndGlobalSection
	GlobalSection(ExtensibilityGlobals) = postSolution
		SolutionGuid = {DCBE04B1-9A76-48BD-AA2C-2C0E9A72D544}
	EndGlobalSection
EndGlobal
