
Microsoft Visual Studio Solution File, Format Version 12.00
# Visual Studio Version 16
VisualStudioVersion = 16.0.29728.190
MinimumVisualStudioVersion = 10.0.40219.1
Project("{2150E333-8FDC-42A3-9474-1A3956D46DE8}") = "src", "src", "{8C137A9E-0C54-42E1-A5EE-DD71B48C6EFB}"
EndProject
Project("{2150E333-8FDC-42A3-9474-1A3956D46DE8}") = "test", "test", "{B024D252-C911-4E6A-81C9-EC477C2CE745}"
EndProject
Project("{2150E333-8FDC-42A3-9474-1A3956D46DE8}") = "Solution Items", "Solution Items", "{C6A823F8-0490-4D44-8289-CDC5DBE125CC}"
	ProjectSection(SolutionItems) = preProject
		azure-pipelines.yml = azure-pipelines.yml
		License.md = License.md
		README.md = README.md
		stylecop.json = stylecop.json
	EndProjectSection
EndProject
Project("{9A19103F-16F7-4668-BE54-9A1E7A4F7556}") = "MyTrout.Pipelines.Steps.IO.Compression", "src\MyTrout.Pipelines.Steps.IO.Compression.csproj", "{C8277F39-5A2F-43D3-8D00-784547B2D83A}"
EndProject
Project("{9A19103F-16F7-4668-BE54-9A1E7A4F7556}") = "MyTrout.Pipelines.IO.Compression.Tests", "test\MyTrout.Pipelines.IO.Compression.Tests.csproj", "{9C1480B2-A079-4B58-866A-7CA4AB5FF22C}"
EndProject
Global
	GlobalSection(SolutionConfigurationPlatforms) = preSolution
		Debug|Any CPU = Debug|Any CPU
		Release|Any CPU = Release|Any CPU
	EndGlobalSection
	GlobalSection(ProjectConfigurationPlatforms) = postSolution
		{C8277F39-5A2F-43D3-8D00-784547B2D83A}.Debug|Any CPU.ActiveCfg = Debug|Any CPU
		{C8277F39-5A2F-43D3-8D00-784547B2D83A}.Debug|Any CPU.Build.0 = Debug|Any CPU
		{C8277F39-5A2F-43D3-8D00-784547B2D83A}.Release|Any CPU.ActiveCfg = Release|Any CPU
		{C8277F39-5A2F-43D3-8D00-784547B2D83A}.Release|Any CPU.Build.0 = Release|Any CPU
		{9C1480B2-A079-4B58-866A-7CA4AB5FF22C}.Debug|Any CPU.ActiveCfg = Debug|Any CPU
		{9C1480B2-A079-4B58-866A-7CA4AB5FF22C}.Debug|Any CPU.Build.0 = Debug|Any CPU
		{9C1480B2-A079-4B58-866A-7CA4AB5FF22C}.Release|Any CPU.ActiveCfg = Release|Any CPU
		{9C1480B2-A079-4B58-866A-7CA4AB5FF22C}.Release|Any CPU.Build.0 = Release|Any CPU
	EndGlobalSection
	GlobalSection(SolutionProperties) = preSolution
		HideSolutionNode = FALSE
	EndGlobalSection
	GlobalSection(NestedProjects) = preSolution
		{C8277F39-5A2F-43D3-8D00-784547B2D83A} = {8C137A9E-0C54-42E1-A5EE-DD71B48C6EFB}
		{9C1480B2-A079-4B58-866A-7CA4AB5FF22C} = {B024D252-C911-4E6A-81C9-EC477C2CE745}
	EndGlobalSection
	GlobalSection(ExtensibilityGlobals) = postSolution
		SolutionGuid = {9D169FC8-B9FE-43DF-AD2C-B80942A6827B}
	EndGlobalSection
EndGlobal
