
Microsoft Visual Studio Solution File, Format Version 12.00
# Visual Studio Version 16
VisualStudioVersion = 16.0.29728.190
MinimumVisualStudioVersion = 10.0.40219.1
Project("{2150E333-8FDC-42A3-9474-1A3956D46DE8}") = "src", "src", "{D6F9BC76-E3CB-4263-B5FD-61E856A9FE4E}"
EndProject
Project("{2150E333-8FDC-42A3-9474-1A3956D46DE8}") = "test", "test", "{CF1D60C8-8A61-4C14-9511-5295A1EE1108}"
EndProject
Project("{2150E333-8FDC-42A3-9474-1A3956D46DE8}") = "Solution Items", "Solution Items", "{E0F74148-500D-4D75-B665-8394E07FBAD1}"
	ProjectSection(SolutionItems) = preProject
		azure-arm-resourcegroup.json = azure-arm-resourcegroup.json
		azure-arm-servicebus.json = azure-arm-servicebus.json
		azure-pipelines.yml = azure-pipelines.yml
		changelog.md = changelog.md
		License.md = License.md
		README.md = README.md
		stylecop.json = stylecop.json
	EndProjectSection
EndProject
Project("{9A19103F-16F7-4668-BE54-9A1E7A4F7556}") = "MyTrout.Pipelines.Steps.Azure.ServiceBus", "src\MyTrout.Pipelines.Steps.Azure.ServiceBus.csproj", "{8D26FEC7-9B2E-47A5-863B-19292A0AC608}"
EndProject
Project("{9A19103F-16F7-4668-BE54-9A1E7A4F7556}") = "MyTrout.Pipelines.Steps.Azure.ServiceBus.Tests", "test\MyTrout.Pipelines.Steps.Azure.ServiceBus.Tests.csproj", "{7883363A-52B4-43C2-8B29-99E75E7EF2DA}"
EndProject
Global
	GlobalSection(SolutionConfigurationPlatforms) = preSolution
		Debug|Any CPU = Debug|Any CPU
		Release|Any CPU = Release|Any CPU
	EndGlobalSection
	GlobalSection(ProjectConfigurationPlatforms) = postSolution
		{8D26FEC7-9B2E-47A5-863B-19292A0AC608}.Debug|Any CPU.ActiveCfg = Debug|Any CPU
		{8D26FEC7-9B2E-47A5-863B-19292A0AC608}.Debug|Any CPU.Build.0 = Debug|Any CPU
		{8D26FEC7-9B2E-47A5-863B-19292A0AC608}.Release|Any CPU.ActiveCfg = Release|Any CPU
		{8D26FEC7-9B2E-47A5-863B-19292A0AC608}.Release|Any CPU.Build.0 = Release|Any CPU
		{7883363A-52B4-43C2-8B29-99E75E7EF2DA}.Debug|Any CPU.ActiveCfg = Debug|Any CPU
		{7883363A-52B4-43C2-8B29-99E75E7EF2DA}.Debug|Any CPU.Build.0 = Debug|Any CPU
		{7883363A-52B4-43C2-8B29-99E75E7EF2DA}.Release|Any CPU.ActiveCfg = Release|Any CPU
		{7883363A-52B4-43C2-8B29-99E75E7EF2DA}.Release|Any CPU.Build.0 = Release|Any CPU
	EndGlobalSection
	GlobalSection(SolutionProperties) = preSolution
		HideSolutionNode = FALSE
	EndGlobalSection
	GlobalSection(NestedProjects) = preSolution
		{8D26FEC7-9B2E-47A5-863B-19292A0AC608} = {D6F9BC76-E3CB-4263-B5FD-61E856A9FE4E}
		{7883363A-52B4-43C2-8B29-99E75E7EF2DA} = {CF1D60C8-8A61-4C14-9511-5295A1EE1108}
	EndGlobalSection
	GlobalSection(ExtensibilityGlobals) = postSolution
		SolutionGuid = {729319FC-3710-4A04-BE1A-F2AD4993706C}
	EndGlobalSection
EndGlobal
